// !$*UTF8*$!
{
	archiveVersion = 1;
	classes = {
	};
	objectVersion = 50;
	objects = {

/* Begin PBXBuildFile section */
		ED840BF624C6743400588981 /* AppDelegate.swift in Sources */ = {isa = PBXBuildFile; fileRef = ED840BF524C6743400588981 /* AppDelegate.swift */; };
		ED840BF824C6743400588981 /* SceneDelegate.swift in Sources */ = {isa = PBXBuildFile; fileRef = ED840BF724C6743400588981 /* SceneDelegate.swift */; };
		ED840BFA24C6743400588981 /* ViewController.swift in Sources */ = {isa = PBXBuildFile; fileRef = ED840BF924C6743400588981 /* ViewController.swift */; };
		ED840BFD24C6743400588981 /* Main.storyboard in Resources */ = {isa = PBXBuildFile; fileRef = ED840BFB24C6743400588981 /* Main.storyboard */; };
		ED840BFF24C6743500588981 /* Assets.xcassets in Resources */ = {isa = PBXBuildFile; fileRef = ED840BFE24C6743500588981 /* Assets.xcassets */; };
		ED840C0224C6743500588981 /* LaunchScreen.storyboard in Resources */ = {isa = PBXBuildFile; fileRef = ED840C0024C6743500588981 /* LaunchScreen.storyboard */; };
		EDE5A3D424C77B5600F4DA3E /* TableViewCell.swift in Sources */ = {isa = PBXBuildFile; fileRef = EDE5A3D324C77B5600F4DA3E /* TableViewCell.swift */; };
		EDE5A3D624C7846B00F4DA3E /* ProductDetailViewController.swift in Sources */ = {isa = PBXBuildFile; fileRef = EDE5A3D524C7846B00F4DA3E /* ProductDetailViewController.swift */; };
/* End PBXBuildFile section */

/* Begin PBXFileReference section */
		ED840BF224C6743400588981 /* MobileAppProject-COMP2125.app */ = {isa = PBXFileReference; explicitFileType = wrapper.application; includeInIndex = 0; path = "MobileAppProject-COMP2125.app"; sourceTree = BUILT_PRODUCTS_DIR; };
		ED840BF524C6743400588981 /* AppDelegate.swift */ = {isa = PBXFileReference; lastKnownFileType = sourcecode.swift; path = AppDelegate.swift; sourceTree = "<group>"; };
		ED840BF724C6743400588981 /* SceneDelegate.swift */ = {isa = PBXFileReference; lastKnownFileType = sourcecode.swift; path = SceneDelegate.swift; sourceTree = "<group>"; };
		ED840BF924C6743400588981 /* ViewController.swift */ = {isa = PBXFileReference; lastKnownFileType = sourcecode.swift; path = ViewController.swift; sourceTree = "<group>"; };
		ED840BFC24C6743400588981 /* Base */ = {isa = PBXFileReference; lastKnownFileType = file.storyboard; name = Base; path = Base.lproj/Main.storyboard; sourceTree = "<group>"; };
		ED840BFE24C6743500588981 /* Assets.xcassets */ = {isa = PBXFileReference; lastKnownFileType = folder.assetcatalog; path = Assets.xcassets; sourceTree = "<group>"; };
		ED840C0124C6743500588981 /* Base */ = {isa = PBXFileReference; lastKnownFileType = file.storyboard; name = Base; path = Base.lproj/LaunchScreen.storyboard; sourceTree = "<group>"; };
		ED840C0324C6743500588981 /* Info.plist */ = {isa = PBXFileReference; lastKnownFileType = text.plist.xml; path = Info.plist; sourceTree = "<group>"; };
		EDE5A3D324C77B5600F4DA3E /* TableViewCell.swift */ = {isa = PBXFileReference; lastKnownFileType = sourcecode.swift; path = TableViewCell.swift; sourceTree = "<group>"; };
		EDE5A3D524C7846B00F4DA3E /* ProductDetailViewController.swift */ = {isa = PBXFileReference; lastKnownFileType = sourcecode.swift; path = ProductDetailViewController.swift; sourceTree = "<group>"; };
/* End PBXFileReference section */

/* Begin PBXFrameworksBuildPhase section */
		ED840BEF24C6743400588981 /* Frameworks */ = {
			isa = PBXFrameworksBuildPhase;
			buildActionMask = 2147483647;
			files = (
			);
			runOnlyForDeploymentPostprocessing = 0;
		};
/* End PBXFrameworksBuildPhase section */

/* Begin PBXGroup section */
		ED840BE924C6743400588981 = {
			isa = PBXGroup;
			children = (
				ED840BF424C6743400588981 /* MobileAppProject-COMP2125 */,
				ED840BF324C6743400588981 /* Products */,
			);
			sourceTree = "<group>";
		};
		ED840BF324C6743400588981 /* Products */ = {
			isa = PBXGroup;
			children = (
				ED840BF224C6743400588981 /* MobileAppProject-COMP2125.app */,
			);
			name = Products;
			sourceTree = "<group>";
		};
		ED840BF424C6743400588981 /* MobileAppProject-COMP2125 */ = {
			isa = PBXGroup;
			children = (
				ED840BF524C6743400588981 /* AppDelegate.swift */,
				ED840BF724C6743400588981 /* SceneDelegate.swift */,
				EDE5A3D524C7846B00F4DA3E /* ProductDetailViewController.swift */,
				EDE5A3D324C77B5600F4DA3E /* TableViewCell.swift */,
				ED840BF924C6743400588981 /* ViewController.swift */,
				ED840BFB24C6743400588981 /* Main.storyboard */,
				ED840BFE24C6743500588981 /* Assets.xcassets */,
				ED840C0024C6743500588981 /* LaunchScreen.storyboard */,
				ED840C0324C6743500588981 /* Info.plist */,
			);
			path = "MobileAppProject-COMP2125";
			sourceTree = "<group>";
		};
/* End PBXGroup section */

/* Begin PBXNativeTarget section */
		ED840BF124C6743400588981 /* MobileAppProject-COMP2125 */ = {
			isa = PBXNativeTarget;
			buildConfigurationList = ED840C0624C6743500588981 /* Build configuration list for PBXNativeTarget "MobileAppProject-COMP2125" */;
			buildPhases = (
				ED840BEE24C6743400588981 /* Sources */,
				ED840BEF24C6743400588981 /* Frameworks */,
				ED840BF024C6743400588981 /* Resources */,
			);
			buildRules = (
			);
			dependencies = (
			);
			name = "MobileAppProject-COMP2125";
			productName = "MobileAppProject-COMP2125";
			productReference = ED840BF224C6743400588981 /* MobileAppProject-COMP2125.app */;
			productType = "com.apple.product-type.application";
		};
/* End PBXNativeTarget section */

/* Begin PBXProject section */
		ED840BEA24C6743400588981 /* Project object */ = {
			isa = PBXProject;
			attributes = {
				LastSwiftUpdateCheck = 1130;
				LastUpgradeCheck = 1130;
				ORGANIZATIONNAME = "Birhanu Bishaw + Justin Lucas";
				TargetAttributes = {
					ED840BF124C6743400588981 = {
						CreatedOnToolsVersion = 11.3.1;
					};
				};
			};
			buildConfigurationList = ED840BED24C6743400588981 /* Build configuration list for PBXProject "MobileAppProject-COMP2125" */;
			compatibilityVersion = "Xcode 9.3";
			developmentRegion = en;
			hasScannedForEncodings = 0;
			knownRegions = (
				en,
				Base,
			);
			mainGroup = ED840BE924C6743400588981;
			productRefGroup = ED840BF324C6743400588981 /* Products */;
			projectDirPath = "";
			projectRoot = "";
			targets = (
				ED840BF124C6743400588981 /* MobileAppProject-COMP2125 */,
			);
		};
/* End PBXProject section */

/* Begin PBXResourcesBuildPhase section */
		ED840BF024C6743400588981 /* Resources */ = {
			isa = PBXResourcesBuildPhase;
			buildActionMask = 2147483647;
			files = (
				ED840C0224C6743500588981 /* LaunchScreen.storyboard in Resources */,
				ED840BFF24C6743500588981 /* Assets.xcassets in Resources */,
				ED840BFD24C6743400588981 /* Main.storyboard in Resources */,
			);
			runOnlyForDeploymentPostprocessing = 0;
		};
/* End PBXResourcesBuildPhase section */

/* Begin PBXSourcesBuildPhase section */
		ED840BEE24C6743400588981 /* Sources */ = {
			isa = PBXSourcesBuildPhase;
			buildActionMask = 2147483647;
			files = (
				ED840BFA24C6743400588981 /* ViewController.swift in Sources */,
				EDE5A3D424C77B5600F4DA3E /* TableViewCell.swift in Sources */,
				EDE5A3D624C7846B00F4DA3E /* ProductDetailViewController.swift in Sources */,
				ED840BF624C6743400588981 /* AppDelegate.swift in Sources */,
				ED840BF824C6743400588981 /* SceneDelegate.swift in Sources */,
			);
			runOnlyForDeploymentPostprocessing = 0;
		};
/* End PBXSourcesBuildPhase section */

/* Begin PBXVariantGroup section */
		ED840BFB24C6743400588981 /* Main.storyboard */ = {
			isa = PBXVariantGroup;
			children = (
				ED840BFC24C6743400588981 /* Base */,
			);
			name = Main.storyboard;
			sourceTree = "<group>";
		};
		ED840C0024C6743500588981 /* LaunchScreen.storyboard */ = {
			isa = PBXVariantGroup;
			children = (
				ED840C0124C6743500588981 /* Base */,
			);
			name = LaunchScreen.storyboard;
			sourceTree = "<group>";
		};
/* End PBXVariantGroup section */

/* Begin XCBuildConfiguration section */
		ED840C0424C6743500588981 /* Debug */ = {
			isa = XCBuildConfiguration;
			buildSettings = {
				ALWAYS_SEARCH_USER_PATHS = NO;
				CLANG_ANALYZER_NONNULL = YES;
				CLANG_ANALYZER_NUMBER_OBJECT_CONVERSION = YES_AGGRESSIVE;
				CLANG_CXX_LANGUAGE_STANDARD = "gnu++14";
				CLANG_CXX_LIBRARY = "libc++";
				CLANG_ENABLE_MODULES = YES;
				CLANG_ENABLE_OBJC_ARC = YES;
				CLANG_ENABLE_OBJC_WEAK = YES;
				CLANG_WARN_BLOCK_CAPTURE_AUTORELEASING = YES;
				CLANG_WARN_BOOL_CONVERSION = YES;
				CLANG_WARN_COMMA = YES;
				CLANG_WARN_CONSTANT_CONVERSION = YES;
				CLANG_WARN_DEPRECATED_OBJC_IMPLEMENTATIONS = YES;
				CLANG_WARN_DIRECT_OBJC_ISA_USAGE = YES_ERROR;
				CLANG_WARN_DOCUMENTATION_COMMENTS = YES;
				CLANG_WARN_EMPTY_BODY = YES;
				CLANG_WARN_ENUM_CONVERSION = YES;
				CLANG_WARN_INFINITE_RECURSION = YES;
				CLANG_WARN_INT_CONVERSION = YES;
				CLANG_WARN_NON_LITERAL_NULL_CONVERSION = YES;
				CLANG_WARN_OBJC_IMPLICIT_RETAIN_SELF = YES;
				CLANG_WARN_OBJC_LITERAL_CONVERSION = YES;
				CLANG_WARN_OBJC_ROOT_CLASS = YES_ERROR;
				CLANG_WARN_RANGE_LOOP_ANALYSIS = YES;
				CLANG_WARN_STRICT_PROTOTYPES = YES;
				CLANG_WARN_SUSPICIOUS_MOVE = YES;
				CLANG_WARN_UNGUARDED_AVAILABILITY = YES_AGGRESSIVE;
				CLANG_WARN_UNREACHABLE_CODE = YES;
				CLANG_WARN__DUPLICATE_METHOD_MATCH = YES;
				COPY_PHASE_STRIP = NO;
				DEBUG_INFORMATION_FORMAT = dwarf;
				ENABLE_STRICT_OBJC_MSGSEND = YES;
				ENABLE_TESTABILITY = YES;
				GCC_C_LANGUAGE_STANDARD = gnu11;
				GCC_DYNAMIC_NO_PIC = NO;
				GCC_NO_COMMON_BLOCKS = YES;
				GCC_OPTIMIZATION_LEVEL = 0;
				GCC_PREPROCESSOR_DEFINITIONS = (
					"DEBUG=1",
					"$(inherited)",
				);
				GCC_WARN_64_TO_32_BIT_CONVERSION = YES;
				GCC_WARN_ABOUT_RETURN_TYPE = YES_ERROR;
				GCC_WARN_UNDECLARED_SELECTOR = YES;
				GCC_WARN_UNINITIALIZED_AUTOS = YES_AGGRESSIVE;
				GCC_WARN_UNUSED_FUNCTION = YES;
				GCC_WARN_UNUSED_VARIABLE = YES;
				IPHONEOS_DEPLOYMENT_TARGET = 13.2;
				MTL_ENABLE_DEBUG_INFO = INCLUDE_SOURCE;
				MTL_FAST_MATH = YES;
				ONLY_ACTIVE_ARCH = YES;
				SDKROOT = iphoneos;
				SWIFT_ACTIVE_COMPILATION_CONDITIONS = DEBUG;
				SWIFT_OPTIMIZATION_LEVEL = "-Onone";
			};
			name = Debug;
		};
		ED840C0524C6743500588981 /* Release */ = {
			isa = XCBuildConfiguration;
			buildSettings = {
				ALWAYS_SEARCH_USER_PATHS = NO;
				CLANG_ANALYZER_NONNULL = YES;
				CLANG_ANALYZER_NUMBER_OBJECT_CONVERSION = YES_AGGRESSIVE;
				CLANG_CXX_LANGUAGE_STANDARD = "gnu++14";
				CLANG_CXX_LIBRARY = "libc++";
				CLANG_ENABLE_MODULES = YES;
				CLANG_ENABLE_OBJC_ARC = YES;
				CLANG_ENABLE_OBJC_WEAK = YES;
				CLANG_WARN_BLOCK_CAPTURE_AUTORELEASING = YES;
				CLANG_WARN_BOOL_CONVERSION = YES;
				CLANG_WARN_COMMA = YES;
				CLANG_WARN_CONSTANT_CONVERSION = YES;
				CLANG_WARN_DEPRECATED_OBJC_IMPLEMENTATIONS = YES;
				CLANG_WARN_DIRECT_OBJC_ISA_USAGE = YES_ERROR;
				CLANG_WARN_DOCUMENTATION_COMMENTS = YES;
				CLANG_WARN_EMPTY_BODY = YES;
				CLANG_WARN_ENUM_CONVERSION = YES;
				CLANG_WARN_INFINITE_RECURSION = YES;
				CLANG_WARN_INT_CONVERSION = YES;
				CLANG_WARN_NON_LITERAL_NULL_CONVERSION = YES;
				CLANG_WARN_OBJC_IMPLICIT_RETAIN_SELF = YES;
				CLANG_WARN_OBJC_LITERAL_CONVERSION = YES;
				CLANG_WARN_OBJC_ROOT_CLASS = YES_ERROR;
				CLANG_WARN_RANGE_LOOP_ANALYSIS = YES;
				CLANG_WARN_STRICT_PROTOTYPES = YES;
				CLANG_WARN_SUSPICIOUS_MOVE = YES;
				CLANG_WARN_UNGUARDED_AVAILABILITY = YES_AGGRESSIVE;
				CLANG_WARN_UNREACHABLE_CODE = YES;
				CLANG_WARN__DUPLICATE_METHOD_MATCH = YES;
				COPY_PHASE_STRIP = NO;
				DEBUG_INFORMATION_FORMAT = "dwarf-with-dsym";
				ENABLE_NS_ASSERTIONS = NO;
				ENABLE_STRICT_OBJC_MSGSEND = YES;
				GCC_C_LANGUAGE_STANDARD = gnu11;
				GCC_NO_COMMON_BLOCKS = YES;
				GCC_WARN_64_TO_32_BIT_CONVERSION = YES;
				GCC_WARN_ABOUT_RETURN_TYPE = YES_ERROR;
				GCC_WARN_UNDECLARED_SELECTOR = YES;
				GCC_WARN_UNINITIALIZED_AUTOS = YES_AGGRESSIVE;
				GCC_WARN_UNUSED_FUNCTION = YES;
				GCC_WARN_UNUSED_VARIABLE = YES;
				IPHONEOS_DEPLOYMENT_TARGET = 13.2;
				MTL_ENABLE_DEBUG_INFO = NO;
				MTL_FAST_MATH = YES;
				SDKROOT = iphoneos;
				SWIFT_COMPILATION_MODE = wholemodule;
				SWIFT_OPTIMIZATION_LEVEL = "-O";
				VALIDATE_PRODUCT = YES;
			};
			name = Release;
		};
		ED840C0724C6743500588981 /* Debug */ = {
			isa = XCBuildConfiguration;
			buildSettings = {
				ASSETCATALOG_COMPILER_APPICON_NAME = AppIcon;
				CODE_SIGN_STYLE = Automatic;
				INFOPLIST_FILE = "MobileAppProject-COMP2125/Info.plist";
				LD_RUNPATH_SEARCH_PATHS = (
					"$(inherited)",
					"@executable_path/Frameworks",
				);
				PRODUCT_BUNDLE_IDENTIFIER = "Georgian.MobileAppProject-COMP2125";
				PRODUCT_NAME = "$(TARGET_NAME)";
				SWIFT_VERSION = 5.0;
				TARGETED_DEVICE_FAMILY = "1,2";
			};
			name = Debug;
		};
		ED840C0824C6743500588981 /* Release */ = {
			isa = XCBuildConfiguration;
			buildSettings = {
				ASSETCATALOG_COMPILER_APPICON_NAME = AppIcon;
				CODE_SIGN_STYLE = Automatic;
				INFOPLIST_FILE = "MobileAppProject-COMP2125/Info.plist";
				LD_RUNPATH_SEARCH_PATHS = (
					"$(inherited)",
					"@executable_path/Frameworks",
				);
				PRODUCT_BUNDLE_IDENTIFIER = "Georgian.MobileAppProject-COMP2125";
				PRODUCT_NAME = "$(TARGET_NAME)";
				SWIFT_VERSION = 5.0;
				TARGETED_DEVICE_FAMILY = "1,2";
			};
			name = Release;
		};
/* End XCBuildConfiguration section */

/* Begin XCConfigurationList section */
		ED840BED24C6743400588981 /* Build configuration list for PBXProject "MobileAppProject-COMP2125" */ = {
			isa = XCConfigurationList;
			buildConfigurations = (
				ED840C0424C6743500588981 /* Debug */,
				ED840C0524C6743500588981 /* Release */,
			);
			defaultConfigurationIsVisible = 0;
			defaultConfigurationName = Release;
		};
		ED840C0624C6743500588981 /* Build configuration list for PBXNativeTarget "MobileAppProject-COMP2125" */ = {
			isa = XCConfigurationList;
			buildConfigurations = (
				ED840C0724C6743500588981 /* Debug */,
				ED840C0824C6743500588981 /* Release */,
			);
			defaultConfigurationIsVisible = 0;
			defaultConfigurationName = Release;
		};
/* End XCConfigurationList section */
	};
	rootObject = ED840BEA24C6743400588981 /* Project object */;
}
